
Microsoft Visual Studio Solution File, Format Version 12.00
# Visual Studio Version 17
VisualStudioVersion = 17.6.33723.286
MinimumVisualStudioVersion = 10.0.40219.1
Project("{9A19103F-16F7-4668-BE54-9A1E7A4F7556}") = "ChallengeApp", "ChallengeApp\ChallengeApp.csproj", "{A57FB027-AB77-4A93-8974-C1E0FBE1796D}"
EndProject
Project("{9A19103F-16F7-4668-BE54-9A1E7A4F7556}") = "ChallengeApp.Tests", "ChallengeApp.Tests\ChallengeApp.Tests.csproj", "{2ADB1E71-CE8C-4894-95AC-E5FDE1EBA06D}"
EndProject
Global
	GlobalSection(SolutionConfigurationPlatforms) = preSolution
		Debug|Any CPU = Debug|Any CPU
		Release|Any CPU = Release|Any CPU
	EndGlobalSection
	GlobalSection(ProjectConfigurationPlatforms) = postSolution
		{A57FB027-AB77-4A93-8974-C1E0FBE1796D}.Debug|Any CPU.ActiveCfg = Debug|Any CPU
		{A57FB027-AB77-4A93-8974-C1E0FBE1796D}.Debug|Any CPU.Build.0 = Debug|Any CPU
		{A57FB027-AB77-4A93-8974-C1E0FBE1796D}.Release|Any CPU.ActiveCfg = Release|Any CPU
		{A57FB027-AB77-4A93-8974-C1E0FBE1796D}.Release|Any CPU.Build.0 = Release|Any CPU
		{2ADB1E71-CE8C-4894-95AC-E5FDE1EBA06D}.Debug|Any CPU.ActiveCfg = Debug|Any CPU
		{2ADB1E71-CE8C-4894-95AC-E5FDE1EBA06D}.Debug|Any CPU.Build.0 = Debug|Any CPU
		{2ADB1E71-CE8C-4894-95AC-E5FDE1EBA06D}.Release|Any CPU.ActiveCfg = Release|Any CPU
		{2ADB1E71-CE8C-4894-95AC-E5FDE1EBA06D}.Release|Any CPU.Build.0 = Release|Any CPU
	EndGlobalSection
	GlobalSection(SolutionProperties) = preSolution
		HideSolutionNode = FALSE
	EndGlobalSection
	GlobalSection(ExtensibilityGlobals) = postSolution
		SolutionGuid = {45ADD853-C482-44B0-A3B2-1204A2A53F91}
	EndGlobalSection
EndGlobal
